// !$*UTF8*$!
{
	archiveVersion = 1;
	classes = {
	};
	objectVersion = 56;
	objects = {

/* Begin PBXBuildFile section */
		D38F79C72AD6BC0D00E12B61 /* weather2App.swift in Sources */ = {isa = PBXBuildFile; fileRef = D38F79C62AD6BC0D00E12B61 /* weather2App.swift */; };
		D38F79CD2AD6BC0F00E12B61 /* Assets.xcassets in Resources */ = {isa = PBXBuildFile; fileRef = D38F79CC2AD6BC0F00E12B61 /* Assets.xcassets */; };
		D38F79D02AD6BC0F00E12B61 /* Preview Assets.xcassets in Resources */ = {isa = PBXBuildFile; fileRef = D38F79CF2AD6BC0F00E12B61 /* Preview Assets.xcassets */; };
		D38F79D72AD6C09E00E12B61 /* ContentView.swift in Sources */ = {isa = PBXBuildFile; fileRef = D38F79D62AD6C09E00E12B61 /* ContentView.swift */; };
		D38F79D92AD6C0D100E12B61 /* Item.swift in Sources */ = {isa = PBXBuildFile; fileRef = D38F79D82AD6C0D100E12B61 /* Item.swift */; };
		D38F79DB2AD6C0E800E12B61 /* Keys.swift in Sources */ = {isa = PBXBuildFile; fileRef = D38F79DA2AD6C0E800E12B61 /* Keys.swift */; };
		D38F79DD2AD6C0FE00E12B61 /* MapView.swift in Sources */ = {isa = PBXBuildFile; fileRef = D38F79DC2AD6C0FE00E12B61 /* MapView.swift */; };
		D38F79DF2AD6C11900E12B61 /* WeatherData.swift in Sources */ = {isa = PBXBuildFile; fileRef = D38F79DE2AD6C11900E12B61 /* WeatherData.swift */; };
		D38F79E12AD6C13300E12B61 /* WeatherTableView.swift in Sources */ = {isa = PBXBuildFile; fileRef = D38F79E02AD6C13300E12B61 /* WeatherTableView.swift */; };
		D38F79E32AD6C15800E12B61 /* WeatherDataProvider.swift in Sources */ = {isa = PBXBuildFile; fileRef = D38F79E22AD6C15800E12B61 /* WeatherDataProvider.swift */; };
		D3FE55A12AD7D5DA000910D2 /* LocationSearchView.swift in Sources */ = {isa = PBXBuildFile; fileRef = D3FE55A02AD7D5DA000910D2 /* LocationSearchView.swift */; };
		D3FE55A32AD7D923000910D2 /* SearchBar.swift in Sources */ = {isa = PBXBuildFile; fileRef = D3FE55A22AD7D923000910D2 /* SearchBar.swift */; };
/* End PBXBuildFile section */

/* Begin PBXFileReference section */
		D38F79C32AD6BC0D00E12B61 /* weather2.app */ = {isa = PBXFileReference; explicitFileType = wrapper.application; includeInIndex = 0; path = weather2.app; sourceTree = BUILT_PRODUCTS_DIR; };
		D38F79C62AD6BC0D00E12B61 /* weather2App.swift */ = {isa = PBXFileReference; lastKnownFileType = sourcecode.swift; path = weather2App.swift; sourceTree = "<group>"; };
		D38F79CC2AD6BC0F00E12B61 /* Assets.xcassets */ = {isa = PBXFileReference; lastKnownFileType = folder.assetcatalog; path = Assets.xcassets; sourceTree = "<group>"; };
		D38F79CF2AD6BC0F00E12B61 /* Preview Assets.xcassets */ = {isa = PBXFileReference; lastKnownFileType = folder.assetcatalog; path = "Preview Assets.xcassets"; sourceTree = "<group>"; };
		D38F79D62AD6C09E00E12B61 /* ContentView.swift */ = {isa = PBXFileReference; lastKnownFileType = sourcecode.swift; path = ContentView.swift; sourceTree = "<group>"; };
		D38F79D82AD6C0D100E12B61 /* Item.swift */ = {isa = PBXFileReference; lastKnownFileType = sourcecode.swift; path = Item.swift; sourceTree = "<group>"; };
		D38F79DA2AD6C0E800E12B61 /* Keys.swift */ = {isa = PBXFileReference; lastKnownFileType = sourcecode.swift; path = Keys.swift; sourceTree = "<group>"; };
		D38F79DC2AD6C0FE00E12B61 /* MapView.swift */ = {isa = PBXFileReference; lastKnownFileType = sourcecode.swift; path = MapView.swift; sourceTree = "<group>"; };
		D38F79DE2AD6C11900E12B61 /* WeatherData.swift */ = {isa = PBXFileReference; lastKnownFileType = sourcecode.swift; path = WeatherData.swift; sourceTree = "<group>"; };
		D38F79E02AD6C13300E12B61 /* WeatherTableView.swift */ = {isa = PBXFileReference; lastKnownFileType = sourcecode.swift; path = WeatherTableView.swift; sourceTree = "<group>"; };
		D38F79E22AD6C15800E12B61 /* WeatherDataProvider.swift */ = {isa = PBXFileReference; lastKnownFileType = sourcecode.swift; path = WeatherDataProvider.swift; sourceTree = "<group>"; };
		D3FE55A02AD7D5DA000910D2 /* LocationSearchView.swift */ = {isa = PBXFileReference; lastKnownFileType = sourcecode.swift; path = LocationSearchView.swift; sourceTree = "<group>"; };
		D3FE55A22AD7D923000910D2 /* SearchBar.swift */ = {isa = PBXFileReference; lastKnownFileType = sourcecode.swift; path = SearchBar.swift; sourceTree = "<group>"; };
/* End PBXFileReference section */

/* Begin PBXFrameworksBuildPhase section */
		D38F79C02AD6BC0D00E12B61 /* Frameworks */ = {
			isa = PBXFrameworksBuildPhase;
			buildActionMask = 2147483647;
			files = (
			);
			runOnlyForDeploymentPostprocessing = 0;
		};
/* End PBXFrameworksBuildPhase section */

/* Begin PBXGroup section */
		D38F79BA2AD6BC0D00E12B61 = {
			isa = PBXGroup;
			children = (
				D38F79C52AD6BC0D00E12B61 /* weather2 */,
				D38F79C42AD6BC0D00E12B61 /* Products */,
			);
			sourceTree = "<group>";
		};
		D38F79C42AD6BC0D00E12B61 /* Products */ = {
			isa = PBXGroup;
			children = (
				D38F79C32AD6BC0D00E12B61 /* weather2.app */,
			);
			name = Products;
			sourceTree = "<group>";
		};
		D38F79C52AD6BC0D00E12B61 /* weather2 */ = {
			isa = PBXGroup;
			children = (
				D38F79C62AD6BC0D00E12B61 /* weather2App.swift */,
				D38F79CC2AD6BC0F00E12B61 /* Assets.xcassets */,
				D38F79CE2AD6BC0F00E12B61 /* Preview Content */,
				D38F79D62AD6C09E00E12B61 /* ContentView.swift */,
				D38F79D82AD6C0D100E12B61 /* Item.swift */,
				D38F79DA2AD6C0E800E12B61 /* Keys.swift */,
				D38F79DC2AD6C0FE00E12B61 /* MapView.swift */,
				D3FE55A02AD7D5DA000910D2 /* LocationSearchView.swift */,
				D3FE55A22AD7D923000910D2 /* SearchBar.swift */,
				D38F79E22AD6C15800E12B61 /* WeatherDataProvider.swift */,
				D38F79DE2AD6C11900E12B61 /* WeatherData.swift */,
				D38F79E02AD6C13300E12B61 /* WeatherTableView.swift */,
			);
			path = weather2;
			sourceTree = "<group>";
		};
		D38F79CE2AD6BC0F00E12B61 /* Preview Content */ = {
			isa = PBXGroup;
			children = (
				D38F79CF2AD6BC0F00E12B61 /* Preview Assets.xcassets */,
			);
			path = "Preview Content";
			sourceTree = "<group>";
		};
/* End PBXGroup section */

/* Begin PBXNativeTarget section */
		D38F79C22AD6BC0D00E12B61 /* weather2 */ = {
			isa = PBXNativeTarget;
			buildConfigurationList = D38F79D32AD6BC0F00E12B61 /* Build configuration list for PBXNativeTarget "weather2" */;
			buildPhases = (
				D38F79BF2AD6BC0D00E12B61 /* Sources */,
				D38F79C02AD6BC0D00E12B61 /* Frameworks */,
				D38F79C12AD6BC0D00E12B61 /* Resources */,
			);
			buildRules = (
			);
			dependencies = (
			);
			name = weather2;
			productName = weather2;
			productReference = D38F79C32AD6BC0D00E12B61 /* weather2.app */;
			productType = "com.apple.product-type.application";
		};
/* End PBXNativeTarget section */

/* Begin PBXProject section */
		D38F79BB2AD6BC0D00E12B61 /* Project object */ = {
			isa = PBXProject;
			attributes = {
				BuildIndependentTargetsInParallel = 1;
				LastSwiftUpdateCheck = 1500;
				LastUpgradeCheck = 1500;
				TargetAttributes = {
					D38F79C22AD6BC0D00E12B61 = {
						CreatedOnToolsVersion = 15.0;
					};
				};
			};
			buildConfigurationList = D38F79BE2AD6BC0D00E12B61 /* Build configuration list for PBXProject "weather2" */;
			compatibilityVersion = "Xcode 14.0";
			developmentRegion = en;
			hasScannedForEncodings = 0;
			knownRegions = (
				en,
				Base,
			);
			mainGroup = D38F79BA2AD6BC0D00E12B61;
			productRefGroup = D38F79C42AD6BC0D00E12B61 /* Products */;
			projectDirPath = "";
			projectRoot = "";
			targets = (
				D38F79C22AD6BC0D00E12B61 /* weather2 */,
			);
		};
/* End PBXProject section */

/* Begin PBXResourcesBuildPhase section */
		D38F79C12AD6BC0D00E12B61 /* Resources */ = {
			isa = PBXResourcesBuildPhase;
			buildActionMask = 2147483647;
			files = (
				D38F79D02AD6BC0F00E12B61 /* Preview Assets.xcassets in Resources */,
				D38F79CD2AD6BC0F00E12B61 /* Assets.xcassets in Resources */,
			);
			runOnlyForDeploymentPostprocessing = 0;
		};
/* End PBXResourcesBuildPhase section */

/* Begin PBXSourcesBuildPhase section */
		D38F79BF2AD6BC0D00E12B61 /* Sources */ = {
			isa = PBXSourcesBuildPhase;
			buildActionMask = 2147483647;
			files = (
				D38F79D72AD6C09E00E12B61 /* ContentView.swift in Sources */,
				D38F79DB2AD6C0E800E12B61 /* Keys.swift in Sources */,
				D38F79DD2AD6C0FE00E12B61 /* MapView.swift in Sources */,
				D38F79D92AD6C0D100E12B61 /* Item.swift in Sources */,
				D38F79DF2AD6C11900E12B61 /* WeatherData.swift in Sources */,
				D38F79E32AD6C15800E12B61 /* WeatherDataProvider.swift in Sources */,
				D38F79E12AD6C13300E12B61 /* WeatherTableView.swift in Sources */,
				D3FE55A32AD7D923000910D2 /* SearchBar.swift in Sources */,
				D3FE55A12AD7D5DA000910D2 /* LocationSearchView.swift in Sources */,
				D38F79C72AD6BC0D00E12B61 /* weather2App.swift in Sources */,
			);
			runOnlyForDeploymentPostprocessing = 0;
		};
/* End PBXSourcesBuildPhase section */

/* Begin XCBuildConfiguration section */
		D38F79D12AD6BC0F00E12B61 /* Debug */ = {
			isa = XCBuildConfiguration;
			buildSettings = {
				ALWAYS_SEARCH_USER_PATHS = NO;
				ASSETCATALOG_COMPILER_GENERATE_SWIFT_ASSET_SYMBOL_EXTENSIONS = YES;
				CLANG_ANALYZER_NONNULL = YES;
				CLANG_ANALYZER_NUMBER_OBJECT_CONVERSION = YES_AGGRESSIVE;
				CLANG_CXX_LANGUAGE_STANDARD = "gnu++20";
				CLANG_ENABLE_MODULES = YES;
				CLANG_ENABLE_OBJC_ARC = YES;
				CLANG_ENABLE_OBJC_WEAK = YES;
				CLANG_WARN_BLOCK_CAPTURE_AUTORELEASING = YES;
				CLANG_WARN_BOOL_CONVERSION = YES;
				CLANG_WARN_COMMA = YES;
				CLANG_WARN_CONSTANT_CONVERSION = YES;
				CLANG_WARN_DEPRECATED_OBJC_IMPLEMENTATIONS = YES;
				CLANG_WARN_DIRECT_OBJC_ISA_USAGE = YES_ERROR;
				CLANG_WARN_DOCUMENTATION_COMMENTS = YES;
				CLANG_WARN_EMPTY_BODY = YES;
				CLANG_WARN_ENUM_CONVERSION = YES;
				CLANG_WARN_INFINITE_RECURSION = YES;
				CLANG_WARN_INT_CONVERSION = YES;
				CLANG_WARN_NON_LITERAL_NULL_CONVERSION = YES;
				CLANG_WARN_OBJC_IMPLICIT_RETAIN_SELF = YES;
				CLANG_WARN_OBJC_LITERAL_CONVERSION = YES;
				CLANG_WARN_OBJC_ROOT_CLASS = YES_ERROR;
				CLANG_WARN_QUOTED_INCLUDE_IN_FRAMEWORK_HEADER = YES;
				CLANG_WARN_RANGE_LOOP_ANALYSIS = YES;
				CLANG_WARN_STRICT_PROTOTYPES = YES;
				CLANG_WARN_SUSPICIOUS_MOVE = YES;
				CLANG_WARN_UNGUARDED_AVAILABILITY = YES_AGGRESSIVE;
				CLANG_WARN_UNREACHABLE_CODE = YES;
				CLANG_WARN__DUPLICATE_METHOD_MATCH = YES;
				COPY_PHASE_STRIP = NO;
				DEBUG_INFORMATION_FORMAT = dwarf;
				ENABLE_STRICT_OBJC_MSGSEND = YES;
				ENABLE_TESTABILITY = YES;
				ENABLE_USER_SCRIPT_SANDBOXING = YES;
				GCC_C_LANGUAGE_STANDARD = gnu17;
				GCC_DYNAMIC_NO_PIC = NO;
				GCC_NO_COMMON_BLOCKS = YES;
				GCC_OPTIMIZATION_LEVEL = 0;
				GCC_PREPROCESSOR_DEFINITIONS = (
					"DEBUG=1",
					"$(inherited)",
				);
				GCC_WARN_64_TO_32_BIT_CONVERSION = YES;
				GCC_WARN_ABOUT_RETURN_TYPE = YES_ERROR;
				GCC_WARN_UNDECLARED_SELECTOR = YES;
				GCC_WARN_UNINITIALIZED_AUTOS = YES_AGGRESSIVE;
				GCC_WARN_UNUSED_FUNCTION = YES;
				GCC_WARN_UNUSED_VARIABLE = YES;
				IPHONEOS_DEPLOYMENT_TARGET = 17.0;
				LOCALIZATION_PREFERS_STRING_CATALOGS = YES;
				MTL_ENABLE_DEBUG_INFO = INCLUDE_SOURCE;
				MTL_FAST_MATH = YES;
				ONLY_ACTIVE_ARCH = YES;
				SDKROOT = iphoneos;
				SWIFT_ACTIVE_COMPILATION_CONDITIONS = "DEBUG $(inherited)";
				SWIFT_OPTIMIZATION_LEVEL = "-Onone";
			};
			name = Debug;
		};
		D38F79D22AD6BC0F00E12B61 /* Release */ = {
			isa = XCBuildConfiguration;
			buildSettings = {
				ALWAYS_SEARCH_USER_PATHS = NO;
				ASSETCATALOG_COMPILER_GENERATE_SWIFT_ASSET_SYMBOL_EXTENSIONS = YES;
				CLANG_ANALYZER_NONNULL = YES;
				CLANG_ANALYZER_NUMBER_OBJECT_CONVERSION = YES_AGGRESSIVE;
				CLANG_CXX_LANGUAGE_STANDARD = "gnu++20";
				CLANG_ENABLE_MODULES = YES;
				CLANG_ENABLE_OBJC_ARC = YES;
				CLANG_ENABLE_OBJC_WEAK = YES;
				CLANG_WARN_BLOCK_CAPTURE_AUTORELEASING = YES;
				CLANG_WARN_BOOL_CONVERSION = YES;
				CLANG_WARN_COMMA = YES;
				CLANG_WARN_CONSTANT_CONVERSION = YES;
				CLANG_WARN_DEPRECATED_OBJC_IMPLEMENTATIONS = YES;
				CLANG_WARN_DIRECT_OBJC_ISA_USAGE = YES_ERROR;
				CLANG_WARN_DOCUMENTATION_COMMENTS = YES;
				CLANG_WARN_EMPTY_BODY = YES;
				CLANG_WARN_ENUM_CONVERSION = YES;
				CLANG_WARN_INFINITE_RECURSION = YES;
				CLANG_WARN_INT_CONVERSION = YES;
				CLANG_WARN_NON_LITERAL_NULL_CONVERSION = YES;
				CLANG_WARN_OBJC_IMPLICIT_RETAIN_SELF = YES;
				CLANG_WARN_OBJC_LITERAL_CONVERSION = YES;
				CLANG_WARN_OBJC_ROOT_CLASS = YES_ERROR;
				CLANG_WARN_QUOTED_INCLUDE_IN_FRAMEWORK_HEADER = YES;
				CLANG_WARN_RANGE_LOOP_ANALYSIS = YES;
				CLANG_WARN_STRICT_PROTOTYPES = YES;
				CLANG_WARN_SUSPICIOUS_MOVE = YES;
				CLANG_WARN_UNGUARDED_AVAILABILITY = YES_AGGRESSIVE;
				CLANG_WARN_UNREACHABLE_CODE = YES;
				CLANG_WARN__DUPLICATE_METHOD_MATCH = YES;
				COPY_PHASE_STRIP = NO;
				DEBUG_INFORMATION_FORMAT = "dwarf-with-dsym";
				ENABLE_NS_ASSERTIONS = NO;
				ENABLE_STRICT_OBJC_MSGSEND = YES;
				ENABLE_USER_SCRIPT_SANDBOXING = YES;
				GCC_C_LANGUAGE_STANDARD = gnu17;
				GCC_NO_COMMON_BLOCKS = YES;
				GCC_WARN_64_TO_32_BIT_CONVERSION = YES;
				GCC_WARN_ABOUT_RETURN_TYPE = YES_ERROR;
				GCC_WARN_UNDECLARED_SELECTOR = YES;
				GCC_WARN_UNINITIALIZED_AUTOS = YES_AGGRESSIVE;
				GCC_WARN_UNUSED_FUNCTION = YES;
				GCC_WARN_UNUSED_VARIABLE = YES;
				IPHONEOS_DEPLOYMENT_TARGET = 17.0;
				LOCALIZATION_PREFERS_STRING_CATALOGS = YES;
				MTL_ENABLE_DEBUG_INFO = NO;
				MTL_FAST_MATH = YES;
				SDKROOT = iphoneos;
				SWIFT_COMPILATION_MODE = wholemodule;
				VALIDATE_PRODUCT = YES;
			};
			name = Release;
		};
		D38F79D42AD6BC0F00E12B61 /* Debug */ = {
			isa = XCBuildConfiguration;
			buildSettings = {
				ASSETCATALOG_COMPILER_APPICON_NAME = AppIcon;
				ASSETCATALOG_COMPILER_GLOBAL_ACCENT_COLOR_NAME = AccentColor;
				CODE_SIGN_STYLE = Automatic;
				CURRENT_PROJECT_VERSION = 1;
				DEVELOPMENT_ASSET_PATHS = "\"weather2/Preview Content\"";
				ENABLE_PREVIEWS = YES;
				GENERATE_INFOPLIST_FILE = YES;
				INFOPLIST_KEY_UIApplicationSceneManifest_Generation = YES;
				INFOPLIST_KEY_UIApplicationSupportsIndirectInputEvents = YES;
				INFOPLIST_KEY_UILaunchScreen_Generation = YES;
				INFOPLIST_KEY_UISupportedInterfaceOrientations_iPad = "UIInterfaceOrientationPortrait UIInterfaceOrientationPortraitUpsideDown UIInterfaceOrientationLandscapeLeft UIInterfaceOrientationLandscapeRight";
				INFOPLIST_KEY_UISupportedInterfaceOrientations_iPhone = "UIInterfaceOrientationPortrait UIInterfaceOrientationLandscapeLeft UIInterfaceOrientationLandscapeRight";
				LD_RUNPATH_SEARCH_PATHS = (
					"$(inherited)",
					"@executable_path/Frameworks",
				);
				MARKETING_VERSION = 1.0;
				PRODUCT_BUNDLE_IDENTIFIER = com.mikita.self.weather2;
				PRODUCT_NAME = "$(TARGET_NAME)";
				SWIFT_EMIT_LOC_STRINGS = YES;
				SWIFT_VERSION = 5.0;
				TARGETED_DEVICE_FAMILY = "1,2";
			};
			name = Debug;
		};
		D38F79D52AD6BC0F00E12B61 /* Release */ = {
			isa = XCBuildConfiguration;
			buildSettings = {
				ASSETCATALOG_COMPILER_APPICON_NAME = AppIcon;
				ASSETCATALOG_COMPILER_GLOBAL_ACCENT_COLOR_NAME = AccentColor;
				CODE_SIGN_STYLE = Automatic;
				CURRENT_PROJECT_VERSION = 1;
				DEVELOPMENT_ASSET_PATHS = "\"weather2/Preview Content\"";
				ENABLE_PREVIEWS = YES;
				GENERATE_INFOPLIST_FILE = YES;
				INFOPLIST_KEY_UIApplicationSceneManifest_Generation = YES;
				INFOPLIST_KEY_UIApplicationSupportsIndirectInputEvents = YES;
				INFOPLIST_KEY_UILaunchScreen_Generation = YES;
				INFOPLIST_KEY_UISupportedInterfaceOrientations_iPad = "UIInterfaceOrientationPortrait UIInterfaceOrientationPortraitUpsideDown UIInterfaceOrientationLandscapeLeft UIInterfaceOrientationLandscapeRight";
				INFOPLIST_KEY_UISupportedInterfaceOrientations_iPhone = "UIInterfaceOrientationPortrait UIInterfaceOrientationLandscapeLeft UIInterfaceOrientationLandscapeRight";
				LD_RUNPATH_SEARCH_PATHS = (
					"$(inherited)",
					"@executable_path/Frameworks",
				);
				MARKETING_VERSION = 1.0;
				PRODUCT_BUNDLE_IDENTIFIER = com.mikita.self.weather2;
				PRODUCT_NAME = "$(TARGET_NAME)";
				SWIFT_EMIT_LOC_STRINGS = YES;
				SWIFT_VERSION = 5.0;
				TARGETED_DEVICE_FAMILY = "1,2";
			};
			name = Release;
		};
/* End XCBuildConfiguration section */

/* Begin XCConfigurationList section */
		D38F79BE2AD6BC0D00E12B61 /* Build configuration list for PBXProject "weather2" */ = {
			isa = XCConfigurationList;
			buildConfigurations = (
				D38F79D12AD6BC0F00E12B61 /* Debug */,
				D38F79D22AD6BC0F00E12B61 /* Release */,
			);
			defaultConfigurationIsVisible = 0;
			defaultConfigurationName = Release;
		};
		D38F79D32AD6BC0F00E12B61 /* Build configuration list for PBXNativeTarget "weather2" */ = {
			isa = XCConfigurationList;
			buildConfigurations = (
				D38F79D42AD6BC0F00E12B61 /* Debug */,
				D38F79D52AD6BC0F00E12B61 /* Release */,
			);
			defaultConfigurationIsVisible = 0;
			defaultConfigurationName = Release;
		};
/* End XCConfigurationList section */
	};
	rootObject = D38F79BB2AD6BC0D00E12B61 /* Project object */;
}
